// !$*UTF8*$!
{
	archiveVersion = 1;
	classes = {
	};
	objectVersion = 51;
	objects = {

/* Begin PBXBuildFile section */
		004C273EFB40940CC803699C /* Pods_Simple_Login.framework in Frameworks */ = {isa = PBXBuildFile; fileRef = 4BBF900250A3EA1AEAA751E7 /* Pods_Simple_Login.framework */; };
		041620C2247D0FFF0087B549 /* AppDelegate.swift in Sources */ = {isa = PBXBuildFile; fileRef = 041620C1247D0FFF0087B549 /* AppDelegate.swift */; };
		041620C4247D0FFF0087B549 /* SceneDelegate.swift in Sources */ = {isa = PBXBuildFile; fileRef = 041620C3247D0FFF0087B549 /* SceneDelegate.swift */; };
		041620C6247D0FFF0087B549 /* ViewController.swift in Sources */ = {isa = PBXBuildFile; fileRef = 041620C5247D0FFF0087B549 /* ViewController.swift */; };
		041620C9247D0FFF0087B549 /* Main.storyboard in Resources */ = {isa = PBXBuildFile; fileRef = 041620C7247D0FFF0087B549 /* Main.storyboard */; };
		041620CB247D10000087B549 /* Assets.xcassets in Resources */ = {isa = PBXBuildFile; fileRef = 041620CA247D10000087B549 /* Assets.xcassets */; };
		041620CE247D10000087B549 /* LaunchScreen.storyboard in Resources */ = {isa = PBXBuildFile; fileRef = 041620CC247D10000087B549 /* LaunchScreen.storyboard */; };
		04C7CECC247D17D000674F84 /* LoginViewModel.swift in Sources */ = {isa = PBXBuildFile; fileRef = 04C7CECB247D17D000674F84 /* LoginViewModel.swift */; };
/* End PBXBuildFile section */

/* Begin PBXFileReference section */
		041620BE247D0FFE0087B549 /* Simple_Login.app */ = {isa = PBXFileReference; explicitFileType = wrapper.application; includeInIndex = 0; path = Simple_Login.app; sourceTree = BUILT_PRODUCTS_DIR; };
		041620C1247D0FFF0087B549 /* AppDelegate.swift */ = {isa = PBXFileReference; lastKnownFileType = sourcecode.swift; path = AppDelegate.swift; sourceTree = "<group>"; };
		041620C3247D0FFF0087B549 /* SceneDelegate.swift */ = {isa = PBXFileReference; lastKnownFileType = sourcecode.swift; path = SceneDelegate.swift; sourceTree = "<group>"; };
		041620C5247D0FFF0087B549 /* ViewController.swift */ = {isa = PBXFileReference; lastKnownFileType = sourcecode.swift; path = ViewController.swift; sourceTree = "<group>"; };
		041620C8247D0FFF0087B549 /* Base */ = {isa = PBXFileReference; lastKnownFileType = file.storyboard; name = Base; path = Base.lproj/Main.storyboard; sourceTree = "<group>"; };
		041620CA247D10000087B549 /* Assets.xcassets */ = {isa = PBXFileReference; lastKnownFileType = folder.assetcatalog; path = Assets.xcassets; sourceTree = "<group>"; };
		041620CD247D10000087B549 /* Base */ = {isa = PBXFileReference; lastKnownFileType = file.storyboard; name = Base; path = Base.lproj/LaunchScreen.storyboard; sourceTree = "<group>"; };
		041620CF247D10000087B549 /* Info.plist */ = {isa = PBXFileReference; lastKnownFileType = text.plist.xml; path = Info.plist; sourceTree = "<group>"; };
		04C7CECB247D17D000674F84 /* LoginViewModel.swift */ = {isa = PBXFileReference; lastKnownFileType = sourcecode.swift; path = LoginViewModel.swift; sourceTree = "<group>"; };
		296828B1EA38F8E328202901 /* Pods-Simple_Login.debug.xcconfig */ = {isa = PBXFileReference; includeInIndex = 1; lastKnownFileType = text.xcconfig; name = "Pods-Simple_Login.debug.xcconfig"; path = "Target Support Files/Pods-Simple_Login/Pods-Simple_Login.debug.xcconfig"; sourceTree = "<group>"; };
		4BBF900250A3EA1AEAA751E7 /* Pods_Simple_Login.framework */ = {isa = PBXFileReference; explicitFileType = wrapper.framework; includeInIndex = 0; path = Pods_Simple_Login.framework; sourceTree = BUILT_PRODUCTS_DIR; };
		638DD28F6C235FCE355D0E38 /* Pods-Simple_Login.release.xcconfig */ = {isa = PBXFileReference; includeInIndex = 1; lastKnownFileType = text.xcconfig; name = "Pods-Simple_Login.release.xcconfig"; path = "Target Support Files/Pods-Simple_Login/Pods-Simple_Login.release.xcconfig"; sourceTree = "<group>"; };
/* End PBXFileReference section */

/* Begin PBXFrameworksBuildPhase section */
		041620BB247D0FFE0087B549 /* Frameworks */ = {
			isa = PBXFrameworksBuildPhase;
			buildActionMask = 2147483647;
			files = (
				004C273EFB40940CC803699C /* Pods_Simple_Login.framework in Frameworks */,
			);
			runOnlyForDeploymentPostprocessing = 0;
		};
/* End PBXFrameworksBuildPhase section */

/* Begin PBXGroup section */
		041620B5247D0FFE0087B549 = {
			isa = PBXGroup;
			children = (
				041620C0247D0FFE0087B549 /* Simple_Login */,
				041620BF247D0FFE0087B549 /* Products */,
				BEB93AFB25B8D81E28D15ACE /* Pods */,
				F73EF276F0B5903B34A406E8 /* Frameworks */,
			);
			sourceTree = "<group>";
		};
		041620BF247D0FFE0087B549 /* Products */ = {
			isa = PBXGroup;
			children = (
				041620BE247D0FFE0087B549 /* Simple_Login.app */,
			);
			name = Products;
			sourceTree = "<group>";
		};
		041620C0247D0FFE0087B549 /* Simple_Login */ = {
			isa = PBXGroup;
			children = (
				041620C1247D0FFF0087B549 /* AppDelegate.swift */,
				041620C3247D0FFF0087B549 /* SceneDelegate.swift */,
				041620C5247D0FFF0087B549 /* ViewController.swift */,
				04C7CECB247D17D000674F84 /* LoginViewModel.swift */,
				041620C7247D0FFF0087B549 /* Main.storyboard */,
				041620CA247D10000087B549 /* Assets.xcassets */,
				041620CC247D10000087B549 /* LaunchScreen.storyboard */,
				041620CF247D10000087B549 /* Info.plist */,
			);
			path = Simple_Login;
			sourceTree = "<group>";
		};
		BEB93AFB25B8D81E28D15ACE /* Pods */ = {
			isa = PBXGroup;
			children = (
				296828B1EA38F8E328202901 /* Pods-Simple_Login.debug.xcconfig */,
				638DD28F6C235FCE355D0E38 /* Pods-Simple_Login.release.xcconfig */,
			);
			path = Pods;
			sourceTree = "<group>";
		};
		F73EF276F0B5903B34A406E8 /* Frameworks */ = {
			isa = PBXGroup;
			children = (
				4BBF900250A3EA1AEAA751E7 /* Pods_Simple_Login.framework */,
			);
			name = Frameworks;
			sourceTree = "<group>";
		};
/* End PBXGroup section */

/* Begin PBXNativeTarget section */
		041620BD247D0FFE0087B549 /* Simple_Login */ = {
			isa = PBXNativeTarget;
			buildConfigurationList = 041620D2247D10000087B549 /* Build configuration list for PBXNativeTarget "Simple_Login" */;
			buildPhases = (
				92EE6ED21DD8F159F9BF16F8 /* [CP] Check Pods Manifest.lock */,
				041620BA247D0FFE0087B549 /* Sources */,
				041620BB247D0FFE0087B549 /* Frameworks */,
				041620BC247D0FFE0087B549 /* Resources */,
				819D20CB84F1077B1EC2DCC9 /* [CP] Embed Pods Frameworks */,
			);
			buildRules = (
			);
			dependencies = (
			);
			name = Simple_Login;
			productName = Simple_Login;
			productReference = 041620BE247D0FFE0087B549 /* Simple_Login.app */;
			productType = "com.apple.product-type.application";
		};
/* End PBXNativeTarget section */

/* Begin PBXProject section */
		041620B6247D0FFE0087B549 /* Project object */ = {
			isa = PBXProject;
			attributes = {
				LastSwiftUpdateCheck = 1130;
				LastUpgradeCheck = 1130;
				ORGANIZATIONNAME = UkJin;
				TargetAttributes = {
					041620BD247D0FFE0087B549 = {
						CreatedOnToolsVersion = 11.3.1;
					};
				};
			};
			buildConfigurationList = 041620B9247D0FFE0087B549 /* Build configuration list for PBXProject "Simple_Login" */;
			compatibilityVersion = "Xcode 9.3";
			developmentRegion = en;
			hasScannedForEncodings = 0;
			knownRegions = (
				en,
				Base,
			);
			mainGroup = 041620B5247D0FFE0087B549;
			productRefGroup = 041620BF247D0FFE0087B549 /* Products */;
			projectDirPath = "";
			projectRoot = "";
			targets = (
				041620BD247D0FFE0087B549 /* Simple_Login */,
			);
		};
/* End PBXProject section */

/* Begin PBXResourcesBuildPhase section */
		041620BC247D0FFE0087B549 /* Resources */ = {
			isa = PBXResourcesBuildPhase;
			buildActionMask = 2147483647;
			files = (
				041620CE247D10000087B549 /* LaunchScreen.storyboard in Resources */,
				041620CB247D10000087B549 /* Assets.xcassets in Resources */,
				041620C9247D0FFF0087B549 /* Main.storyboard in Resources */,
			);
			runOnlyForDeploymentPostprocessing = 0;
		};
/* End PBXResourcesBuildPhase section */

/* Begin PBXShellScriptBuildPhase section */
		819D20CB84F1077B1EC2DCC9 /* [CP] Embed Pods Frameworks */ = {
			isa = PBXShellScriptBuildPhase;
			buildActionMask = 2147483647;
			files = (
			);
			inputFileListPaths = (
				"${PODS_ROOT}/Target Support Files/Pods-Simple_Login/Pods-Simple_Login-frameworks-${CONFIGURATION}-input-files.xcfilelist",
			);
			name = "[CP] Embed Pods Frameworks";
			outputFileListPaths = (
				"${PODS_ROOT}/Target Support Files/Pods-Simple_Login/Pods-Simple_Login-frameworks-${CONFIGURATION}-output-files.xcfilelist",
			);
			runOnlyForDeploymentPostprocessing = 0;
			shellPath = /bin/sh;
			shellScript = "\"${PODS_ROOT}/Target Support Files/Pods-Simple_Login/Pods-Simple_Login-frameworks.sh\"\n";
			showEnvVarsInLog = 0;
		};
		92EE6ED21DD8F159F9BF16F8 /* [CP] Check Pods Manifest.lock */ = {
			isa = PBXShellScriptBuildPhase;
			buildActionMask = 2147483647;
			files = (
			);
			inputFileListPaths = (
			);
			inputPaths = (
				"${PODS_PODFILE_DIR_PATH}/Podfile.lock",
				"${PODS_ROOT}/Manifest.lock",
			);
			name = "[CP] Check Pods Manifest.lock";
			outputFileListPaths = (
			);
			outputPaths = (
				"$(DERIVED_FILE_DIR)/Pods-Simple_Login-checkManifestLockResult.txt",
			);
			runOnlyForDeploymentPostprocessing = 0;
			shellPath = /bin/sh;
			shellScript = "diff \"${PODS_PODFILE_DIR_PATH}/Podfile.lock\" \"${PODS_ROOT}/Manifest.lock\" > /dev/null\nif [ $? != 0 ] ; then\n    # print error to STDERR\n    echo \"error: The sandbox is not in sync with the Podfile.lock. Run 'pod install' or update your CocoaPods installation.\" >&2\n    exit 1\nfi\n# This output is used by Xcode 'outputs' to avoid re-running this script phase.\necho \"SUCCESS\" > \"${SCRIPT_OUTPUT_FILE_0}\"\n";
			showEnvVarsInLog = 0;
		};
/* End PBXShellScriptBuildPhase section */

/* Begin PBXSourcesBuildPhase section */
		041620BA247D0FFE0087B549 /* Sources */ = {
			isa = PBXSourcesBuildPhase;
			buildActionMask = 2147483647;
			files = (
				04C7CECC247D17D000674F84 /* LoginViewModel.swift in Sources */,
				041620C6247D0FFF0087B549 /* ViewController.swift in Sources */,
				041620C2247D0FFF0087B549 /* AppDelegate.swift in Sources */,
				041620C4247D0FFF0087B549 /* SceneDelegate.swift in Sources */,
			);
			runOnlyForDeploymentPostprocessing = 0;
		};
/* End PBXSourcesBuildPhase section */

/* Begin PBXVariantGroup section */
		041620C7247D0FFF0087B549 /* Main.storyboard */ = {
			isa = PBXVariantGroup;
			children = (
				041620C8247D0FFF0087B549 /* Base */,
			);
			name = Main.storyboard;
			sourceTree = "<group>";
		};
		041620CC247D10000087B549 /* LaunchScreen.storyboard */ = {
			isa = PBXVariantGroup;
			children = (
				041620CD247D10000087B549 /* Base */,
			);
			name = LaunchScreen.storyboard;
			sourceTree = "<group>";
		};
/* End PBXVariantGroup section */

/* Begin XCBuildConfiguration section */
		041620D0247D10000087B549 /* Debug */ = {
			isa = XCBuildConfiguration;
			buildSettings = {
				ALWAYS_SEARCH_USER_PATHS = NO;
				CLANG_ANALYZER_NONNULL = YES;
				CLANG_ANALYZER_NUMBER_OBJECT_CONVERSION = YES_AGGRESSIVE;
				CLANG_CXX_LANGUAGE_STANDARD = "gnu++14";
				CLANG_CXX_LIBRARY = "libc++";
				CLANG_ENABLE_MODULES = YES;
				CLANG_ENABLE_OBJC_ARC = YES;
				CLANG_ENABLE_OBJC_WEAK = YES;
				CLANG_WARN_BLOCK_CAPTURE_AUTORELEASING = YES;
				CLANG_WARN_BOOL_CONVERSION = YES;
				CLANG_WARN_COMMA = YES;
				CLANG_WARN_CONSTANT_CONVERSION = YES;
				CLANG_WARN_DEPRECATED_OBJC_IMPLEMENTATIONS = YES;
				CLANG_WARN_DIRECT_OBJC_ISA_USAGE = YES_ERROR;
				CLANG_WARN_DOCUMENTATION_COMMENTS = YES;
				CLANG_WARN_EMPTY_BODY = YES;
				CLANG_WARN_ENUM_CONVERSION = YES;
				CLANG_WARN_INFINITE_RECURSION = YES;
				CLANG_WARN_INT_CONVERSION = YES;
				CLANG_WARN_NON_LITERAL_NULL_CONVERSION = YES;
				CLANG_WARN_OBJC_IMPLICIT_RETAIN_SELF = YES;
				CLANG_WARN_OBJC_LITERAL_CONVERSION = YES;
				CLANG_WARN_OBJC_ROOT_CLASS = YES_ERROR;
				CLANG_WARN_RANGE_LOOP_ANALYSIS = YES;
				CLANG_WARN_STRICT_PROTOTYPES = YES;
				CLANG_WARN_SUSPICIOUS_MOVE = YES;
				CLANG_WARN_UNGUARDED_AVAILABILITY = YES_AGGRESSIVE;
				CLANG_WARN_UNREACHABLE_CODE = YES;
				CLANG_WARN__DUPLICATE_METHOD_MATCH = YES;
				COPY_PHASE_STRIP = NO;
				DEBUG_INFORMATION_FORMAT = dwarf;
				ENABLE_STRICT_OBJC_MSGSEND = YES;
				ENABLE_TESTABILITY = YES;
				GCC_C_LANGUAGE_STANDARD = gnu11;
				GCC_DYNAMIC_NO_PIC = NO;
				GCC_NO_COMMON_BLOCKS = YES;
				GCC_OPTIMIZATION_LEVEL = 0;
				GCC_PREPROCESSOR_DEFINITIONS = (
					"DEBUG=1",
					"$(inherited)",
				);
				GCC_WARN_64_TO_32_BIT_CONVERSION = YES;
				GCC_WARN_ABOUT_RETURN_TYPE = YES_ERROR;
				GCC_WARN_UNDECLARED_SELECTOR = YES;
				GCC_WARN_UNINITIALIZED_AUTOS = YES_AGGRESSIVE;
				GCC_WARN_UNUSED_FUNCTION = YES;
				GCC_WARN_UNUSED_VARIABLE = YES;
				IPHONEOS_DEPLOYMENT_TARGET = 13.2;
				MTL_ENABLE_DEBUG_INFO = INCLUDE_SOURCE;
				MTL_FAST_MATH = YES;
				ONLY_ACTIVE_ARCH = YES;
				SDKROOT = iphoneos;
				SWIFT_ACTIVE_COMPILATION_CONDITIONS = DEBUG;
				SWIFT_OPTIMIZATION_LEVEL = "-Onone";
			};
			name = Debug;
		};
		041620D1247D10000087B549 /* Release */ = {
			isa = XCBuildConfiguration;
			buildSettings = {
				ALWAYS_SEARCH_USER_PATHS = NO;
				CLANG_ANALYZER_NONNULL = YES;
				CLANG_ANALYZER_NUMBER_OBJECT_CONVERSION = YES_AGGRESSIVE;
				CLANG_CXX_LANGUAGE_STANDARD = "gnu++14";
				CLANG_CXX_LIBRARY = "libc++";
				CLANG_ENABLE_MODULES = YES;
				CLANG_ENABLE_OBJC_ARC = YES;
				CLANG_ENABLE_OBJC_WEAK = YES;
				CLANG_WARN_BLOCK_CAPTURE_AUTORELEASING = YES;
				CLANG_WARN_BOOL_CONVERSION = YES;
				CLANG_WARN_COMMA = YES;
				CLANG_WARN_CONSTANT_CONVERSION = YES;
				CLANG_WARN_DEPRECATED_OBJC_IMPLEMENTATIONS = YES;
				CLANG_WARN_DIRECT_OBJC_ISA_USAGE = YES_ERROR;
				CLANG_WARN_DOCUMENTATION_COMMENTS = YES;
				CLANG_WARN_EMPTY_BODY = YES;
				CLANG_WARN_ENUM_CONVERSION = YES;
				CLANG_WARN_INFINITE_RECURSION = YES;
				CLANG_WARN_INT_CONVERSION = YES;
				CLANG_WARN_NON_LITERAL_NULL_CONVERSION = YES;
				CLANG_WARN_OBJC_IMPLICIT_RETAIN_SELF = YES;
				CLANG_WARN_OBJC_LITERAL_CONVERSION = YES;
				CLANG_WARN_OBJC_ROOT_CLASS = YES_ERROR;
				CLANG_WARN_RANGE_LOOP_ANALYSIS = YES;
				CLANG_WARN_STRICT_PROTOTYPES = YES;
				CLANG_WARN_SUSPICIOUS_MOVE = YES;
				CLANG_WARN_UNGUARDED_AVAILABILITY = YES_AGGRESSIVE;
				CLANG_WARN_UNREACHABLE_CODE = YES;
				CLANG_WARN__DUPLICATE_METHOD_MATCH = YES;
				COPY_PHASE_STRIP = NO;
				DEBUG_INFORMATION_FORMAT = "dwarf-with-dsym";
				ENABLE_NS_ASSERTIONS = NO;
				ENABLE_STRICT_OBJC_MSGSEND = YES;
				GCC_C_LANGUAGE_STANDARD = gnu11;
				GCC_NO_COMMON_BLOCKS = YES;
				GCC_WARN_64_TO_32_BIT_CONVERSION = YES;
				GCC_WARN_ABOUT_RETURN_TYPE = YES_ERROR;
				GCC_WARN_UNDECLARED_SELECTOR = YES;
				GCC_WARN_UNINITIALIZED_AUTOS = YES_AGGRESSIVE;
				GCC_WARN_UNUSED_FUNCTION = YES;
				GCC_WARN_UNUSED_VARIABLE = YES;
				IPHONEOS_DEPLOYMENT_TARGET = 13.2;
				MTL_ENABLE_DEBUG_INFO = NO;
				MTL_FAST_MATH = YES;
				SDKROOT = iphoneos;
				SWIFT_COMPILATION_MODE = wholemodule;
				SWIFT_OPTIMIZATION_LEVEL = "-O";
				VALIDATE_PRODUCT = YES;
			};
			name = Release;
		};
		041620D3247D10000087B549 /* Debug */ = {
			isa = XCBuildConfiguration;
			baseConfigurationReference = 296828B1EA38F8E328202901 /* Pods-Simple_Login.debug.xcconfig */;
			buildSettings = {
				ASSETCATALOG_COMPILER_APPICON_NAME = AppIcon;
				CODE_SIGN_STYLE = Automatic;
				DEVELOPMENT_TEAM = UPVNKF4986;
				INFOPLIST_FILE = Simple_Login/Info.plist;
				LD_RUNPATH_SEARCH_PATHS = (
					"$(inherited)",
					"@executable_path/Frameworks",
				);
				PRODUCT_BUNDLE_IDENTIFIER = "com.Ukjin.Simple-Login";
				PRODUCT_NAME = "$(TARGET_NAME)";
				SWIFT_VERSION = 5.0;
				TARGETED_DEVICE_FAMILY = "1,2";
			};
			name = Debug;
		};
		041620D4247D10000087B549 /* Release */ = {
			isa = XCBuildConfiguration;
			baseConfigurationReference = 638DD28F6C235FCE355D0E38 /* Pods-Simple_Login.release.xcconfig */;
			buildSettings = {
				ASSETCATALOG_COMPILER_APPICON_NAME = AppIcon;
				CODE_SIGN_STYLE = Automatic;
				DEVELOPMENT_TEAM = UPVNKF4986;
				INFOPLIST_FILE = Simple_Login/Info.plist;
				LD_RUNPATH_SEARCH_PATHS = (
					"$(inherited)",
					"@executable_path/Frameworks",
				);
				PRODUCT_BUNDLE_IDENTIFIER = "com.Ukjin.Simple-Login";
				PRODUCT_NAME = "$(TARGET_NAME)";
				SWIFT_VERSION = 5.0;
				TARGETED_DEVICE_FAMILY = "1,2";
			};
			name = Release;
		};
/* End XCBuildConfiguration section */

/* Begin XCConfigurationList section */
		041620B9247D0FFE0087B549 /* Build configuration list for PBXProject "Simple_Login" */ = {
			isa = XCConfigurationList;
			buildConfigurations = (
				041620D0247D10000087B549 /* Debug */,
				041620D1247D10000087B549 /* Release */,
			);
			defaultConfigurationIsVisible = 0;
			defaultConfigurationName = Release;
		};
		041620D2247D10000087B549 /* Build configuration list for PBXNativeTarget "Simple_Login" */ = {
			isa = XCConfigurationList;
			buildConfigurations = (
				041620D3247D10000087B549 /* Debug */,
				041620D4247D10000087B549 /* Release */,
			);
			defaultConfigurationIsVisible = 0;
			defaultConfigurationName = Release;
		};
/* End XCConfigurationList section */
	};
	rootObject = 041620B6247D0FFE0087B549 /* Project object */;
}
